# THIS IS AN AUTOGENERATED FILE. DO NOT EDIT THIS FILE DIRECTLY.
# yarn lockfile v1


"@next/env@13.4.12":
  version "13.4.12"
  resolved "https://registry.yarnpkg.com/@next/env/-/env-13.4.12.tgz#0b88115ab817f178bf9dc0c5e7b367277595b58d"
  integrity sha512-RmHanbV21saP/6OEPBJ7yJMuys68cIf8OBBWd7+uj40LdpmswVAwe1uzeuFyUsd6SfeITWT3XnQfn6wULeKwDQ==

"@next/swc-darwin-arm64@13.4.12":
  version "13.4.12"
  resolved "https://registry.yarnpkg.com/@next/swc-darwin-arm64/-/swc-darwin-arm64-13.4.12.tgz#326c830b111de8a1a51ac0cbc3bcb157c4c4f92c"
  integrity sha512-deUrbCXTMZ6ZhbOoloqecnUeNpUOupi8SE2tx4jPfNS9uyUR9zK4iXBvH65opVcA/9F5I/p8vDXSYbUlbmBjZg==

"@next/swc-darwin-x64@13.4.12":
  version "13.4.12"
  resolved "https://registry.yarnpkg.com/@next/swc-darwin-x64/-/swc-darwin-x64-13.4.12.tgz#dd5c49fc092a8ffe4f30b7aa9bf6c5d2e40bbfa1"
  integrity sha512-WRvH7RxgRHlC1yb5oG0ZLx8F7uci9AivM5/HGGv9ZyG2Als8Ij64GC3d+mQ5sJhWjusyU6T6V1WKTUoTmOB0zQ==

"@next/swc-linux-arm64-gnu@13.4.12":
  version "13.4.12"
  resolved "https://registry.yarnpkg.com/@next/swc-linux-arm64-gnu/-/swc-linux-arm64-gnu-13.4.12.tgz#816cbe9d26ce4670ea99d95b66041e483ed122d6"
  integrity sha512-YEKracAWuxp54tKiAvvq73PUs9lok57cc8meYRibTWe/VdPB2vLgkTVWFcw31YDuRXdEhdX0fWS6Q+ESBhnEig==

"@next/swc-linux-arm64-musl@13.4.12":
  version "13.4.12"
  resolved "https://registry.yarnpkg.com/@next/swc-linux-arm64-musl/-/swc-linux-arm64-musl-13.4.12.tgz#670c8aee221628f65e5b299ee84db746e6c778b0"
  integrity sha512-LhJR7/RAjdHJ2Isl2pgc/JaoxNk0KtBgkVpiDJPVExVWA1c6gzY57+3zWuxuyWzTG+fhLZo2Y80pLXgIJv7g3g==

"@next/swc-linux-x64-gnu@13.4.12":
  version "13.4.12"
  resolved "https://registry.yarnpkg.com/@next/swc-linux-x64-gnu/-/swc-linux-x64-gnu-13.4.12.tgz#54c64e689f007ae463698dddc1c6637491c99cb4"
  integrity sha512-1DWLL/B9nBNiQRng+1aqs3OaZcxC16Nf+mOnpcrZZSdyKHek3WQh6j/fkbukObgNGwmCoVevLUa/p3UFTTqgqg==

"@next/swc-linux-x64-musl@13.4.12":
  version "13.4.12"
  resolved "https://registry.yarnpkg.com/@next/swc-linux-x64-musl/-/swc-linux-x64-musl-13.4.12.tgz#9cbddf4e542ef3d32284e0c36ce102facc015f8b"
  integrity sha512-kEAJmgYFhp0VL+eRWmUkVxLVunn7oL9Mdue/FS8yzRBVj7Z0AnIrHpTIeIUl1bbdQq1VaoOztnKicAjfkLTRCQ==

"@next/swc-win32-arm64-msvc@13.4.12":
  version "13.4.12"
  resolved "https://registry.yarnpkg.com/@next/swc-win32-arm64-msvc/-/swc-win32-arm64-msvc-13.4.12.tgz#3467a4b25429ccf49fd416388c9d19c80a4f6465"
  integrity sha512-GMLuL/loR6yIIRTnPRY6UGbLL9MBdw2anxkOnANxvLvsml4F0HNIgvnU3Ej4BjbqMTNjD4hcPFdlEow4XHPdZA==

"@next/swc-win32-ia32-msvc@13.4.12":
  version "13.4.12"
  resolved "https://registry.yarnpkg.com/@next/swc-win32-ia32-msvc/-/swc-win32-ia32-msvc-13.4.12.tgz#73494cd167191946833c680b28d6a42435d383a8"
  integrity sha512-PhgNqN2Vnkm7XaMdRmmX0ZSwZXQAtamBVSa9A/V1dfKQCV1rjIZeiy/dbBnVYGdj63ANfsOR/30XpxP71W0eww==

"@next/swc-win32-x64-msvc@13.4.12":
  version "13.4.12"
  resolved "https://registry.yarnpkg.com/@next/swc-win32-x64-msvc/-/swc-win32-x64-msvc-13.4.12.tgz#4a497edc4e8c5ee3c3eb27cf0eb39dfadff70874"
  integrity sha512-Z+56e/Ljt0bUs+T+jPjhFyxYBcdY2RIq9ELFU+qAMQMteHo7ymbV7CKmlcX59RI9C4YzN8PgMgLyAoi916b5HA==

"@resvg/resvg-wasm@2.4.1":
  version "2.4.1"
  resolved "https://registry.yarnpkg.com/@resvg/resvg-wasm/-/resvg-wasm-2.4.1.tgz#88f7a08107bf5ea691b016e55e6db955c85d845c"
  integrity sha512-yi6R0HyHtsoWTRA06Col4WoDs7SvlXU3DLMNP2bdAgs7HK18dTEVl1weXgxRzi8gwLteGUbIg29zulxIB3GSdg==

"@shuding/opentype.js@1.4.0-beta.0":
  version "1.4.0-beta.0"
  resolved "https://registry.yarnpkg.com/@shuding/opentype.js/-/opentype.js-1.4.0-beta.0.tgz#5d1e7e9e056f546aad41df1c5043f8f85d39e24b"
  integrity sha512-3NgmNyH3l/Hv6EvsWJbsvpcpUba6R8IREQ83nH83cyakCw7uM1arZKNfHwv1Wz6jgqrF/j4x5ELvR6PnK9nTcA==
  dependencies:
    fflate "^0.7.3"
    string.prototype.codepointat "^0.2.1"

"@swc/helpers@0.5.1":
  version "0.5.1"
  resolved "https://registry.yarnpkg.com/@swc/helpers/-/helpers-0.5.1.tgz#e9031491aa3f26bfcc974a67f48bd456c8a5357a"
  integrity sha512-sJ902EfIzn1Fa+qYmjdQqh8tPsoxyBz+8yBKC2HKUxyezKJFwPGOn7pv4WY6QuQW//ySQi5lJjA/ZT9sNWWNTg==
  dependencies:
    tslib "^2.4.0"

"@vercel/og@^0.5.10":
  version "0.5.10"
  resolved "https://registry.yarnpkg.com/@vercel/og/-/og-0.5.10.tgz#722fae05a9f12473ba344095da318c4e2e8d3aca"
  integrity sha512-Iwo02EZm/MgEMI9MQjuvfdfsTt/IrhH6xGi0EWBnro72LcPKoEDEn/S/fEh8ut3LNMOmrRAjceXEhTfFqQW7sw==
  dependencies:
    "@resvg/resvg-wasm" "2.4.1"
    satori "0.10.2"
    yoga-wasm-web "0.3.3"

base64-js@0.0.8:
  version "0.0.8"
  resolved "https://registry.yarnpkg.com/base64-js/-/base64-js-0.0.8.tgz#1101e9544f4a76b1bc3b26d452ca96d7a35e7978"
  integrity sha512-3XSA2cR/h/73EzlXXdU6YNycmYI7+kicTxks4eJg2g39biHR84slg2+des+p7iHYhbRg/udIS4TD53WabcOUkw==

busboy@1.6.0:
  version "1.6.0"
  resolved "https://registry.yarnpkg.com/busboy/-/busboy-1.6.0.tgz#966ea36a9502e43cdb9146962523b92f531f6893"
  integrity sha512-8SFQbg/0hQ9xy3UNTB0YEnsNBbWfhf7RtnzpL7TkBiTBRfrQ9Fxcnz7VJsleJpyp6rVLvXiuORqjlHi5q+PYuA==
  dependencies:
    streamsearch "^1.1.0"

camelize@^1.0.0:
  version "1.0.1"
  resolved "https://registry.yarnpkg.com/camelize/-/camelize-1.0.1.tgz#89b7e16884056331a35d6b5ad064332c91daa6c3"
  integrity sha512-dU+Tx2fsypxTgtLoE36npi3UqcjSSMNYfkqgmoEhtZrraP5VWq0K7FkWVTYa8eMPtnU/G2txVsfdCJTn9uzpuQ==

caniuse-lite@^1.0.30001406:
  version "1.0.30001519"
  resolved "https://registry.yarnpkg.com/caniuse-lite/-/caniuse-lite-1.0.30001519.tgz#3e7b8b8a7077e78b0eb054d69e6edf5c7df35601"
  integrity sha512-0QHgqR+Jv4bxHMp8kZ1Kn8CH55OikjKJ6JmKkZYP1F3D7w+lnFXF70nG5eNfsZS89jadi5Ywy5UCSKLAglIRkg==

client-only@0.0.1:
  version "0.0.1"
  resolved "https://registry.yarnpkg.com/client-only/-/client-only-0.0.1.tgz#38bba5d403c41ab150bff64a95c85013cf73bca1"
  integrity sha512-IV3Ou0jSMzZrd3pZ48nLkT9DA7Ag1pnPzaiQhpW7c3RbcqqzvzzVu+L8gfqMp/8IM2MQtSiqaCxrrcfu8I8rMA==

color-name@^1.1.4:
  version "1.1.4"
  resolved "https://registry.yarnpkg.com/color-name/-/color-name-1.1.4.tgz#c2a09a87acbde69543de6f63fa3995c826c536a2"
  integrity sha512-dOy+3AuW3a2wNbZHIuMZpTcgjGuLU/uBL/ubcZF9OXbDo8ff4O8yVp5Bf0efS8uEoYo5q4Fx7dY9OgQGXgAsQA==

css-background-parser@^0.1.0:
  version "0.1.0"
  resolved "https://registry.yarnpkg.com/css-background-parser/-/css-background-parser-0.1.0.tgz#48a17f7fe6d4d4f1bca3177ddf16c5617950741b"
  integrity sha512-2EZLisiZQ+7m4wwur/qiYJRniHX4K5Tc9w93MT3AS0WS1u5kaZ4FKXlOTBhOjc+CgEgPiGY+fX1yWD8UwpEqUA==

css-box-shadow@1.0.0-3:
  version "1.0.0-3"
  resolved "https://registry.yarnpkg.com/css-box-shadow/-/css-box-shadow-1.0.0-3.tgz#9eaeb7140947bf5d649fc49a19e4bbaa5f602713"
  integrity sha512-9jaqR6e7Ohds+aWwmhe6wILJ99xYQbfmK9QQB9CcMjDbTxPZjwEmUQpU91OG05Xgm8BahT5fW+svbsQGjS/zPg==

css-color-keywords@^1.0.0:
  version "1.0.0"
  resolved "https://registry.yarnpkg.com/css-color-keywords/-/css-color-keywords-1.0.0.tgz#fea2616dc676b2962686b3af8dbdbe180b244e05"
  integrity sha512-FyyrDHZKEjXDpNJYvVsV960FiqQyXc/LlYmsxl2BcdMb2WPx0OGRVgTg55rPSyLSNMqP52R9r8geSp7apN3Ofg==

css-to-react-native@^3.0.0:
  version "3.2.0"
  resolved "https://registry.yarnpkg.com/css-to-react-native/-/css-to-react-native-3.2.0.tgz#cdd8099f71024e149e4f6fe17a7d46ecd55f1e32"
  integrity sha512-e8RKaLXMOFii+02mOlqwjbD00KSEKqblnpO9e++1aXS1fPQOpS1YoqdVHBqPjHNoxeF2mimzVqawm2KCbEdtHQ==
  dependencies:
    camelize "^1.0.0"
    css-color-keywords "^1.0.0"
    postcss-value-parser "^4.0.2"

emoji-regex@^10.2.1:
  version "10.2.1"
  resolved "https://registry.yarnpkg.com/emoji-regex/-/emoji-regex-10.2.1.tgz#a41c330d957191efd3d9dfe6e1e8e1e9ab048b3f"
  integrity sha512-97g6QgOk8zlDRdgq1WxwgTMgEWGVAQvB5Fdpgc1MkNy56la5SKP9GsMXKDOdqwn90/41a8yPwIGk1Y6WVbeMQA==

escape-html@^1.0.3:
  version "1.0.3"
  resolved "https://registry.yarnpkg.com/escape-html/-/escape-html-1.0.3.tgz#0258eae4d3d0c0974de1c169188ef0051d1d1988"
  integrity sha512-NiSupZ4OeuGwr68lGIeym/ksIZMJodUGOSCZ/FSnTxcrekbvqrgdUxlJOMpijaKZVjAJrWrGs/6Jy8OMuyj9ow==

fflate@^0.7.3:
  version "0.7.4"
  resolved "https://registry.yarnpkg.com/fflate/-/fflate-0.7.4.tgz#61587e5d958fdabb5a9368a302c25363f4f69f50"
  integrity sha512-5u2V/CDW15QM1XbbgS+0DfPxVB+jUKhWEKuuFuHncbk3tEEqzmoXL+2KyOFuKGqOnmdIy0/davWF1CkuwtibCw==

glob-to-regexp@^0.4.1:
  version "0.4.1"
  resolved "https://registry.yarnpkg.com/glob-to-regexp/-/glob-to-regexp-0.4.1.tgz#c75297087c851b9a578bd217dd59a92f59fe546e"
  integrity sha512-lkX1HJXwyMcprw/5YUZc2s7DrpAiHB21/V+E1rHUrVNokkvB6bqMzT0VfV6/86ZNabt1k14YOIaT7nDvOX3Iiw==

graceful-fs@^4.1.2:
  version "4.2.11"
  resolved "https://registry.yarnpkg.com/graceful-fs/-/graceful-fs-4.2.11.tgz#4183e4e8bf08bb6e05bbb2f7d2e0c8f712ca40e3"
  integrity sha512-RbJ5/jmFcNNCcDV5o9eTnBLJ/HszWV0P73bc+Ff4nS/rJj+YaS6IGyiOL0VoBYX+l1Wrl3k63h/KrH+nhJ0XvQ==

hex-rgb@^4.1.0:
  version "4.3.0"
  resolved "https://registry.yarnpkg.com/hex-rgb/-/hex-rgb-4.3.0.tgz#af5e974e83bb2fefe44d55182b004ec818c07776"
  integrity sha512-Ox1pJVrDCyGHMG9CFg1tmrRUMRPRsAWYc/PinY0XzJU4K7y7vjNoLKIQ7BR5UJMCxNN8EM1MNDmHWA/B3aZUuw==

"js-tokens@^3.0.0 || ^4.0.0":
  version "4.0.0"
  resolved "https://registry.yarnpkg.com/js-tokens/-/js-tokens-4.0.0.tgz#19203fb59991df98e3a287050d4647cdeaf32499"
  integrity sha512-RdJUflcE3cUzKiMqQgsCu06FPu9UdIJO0beYbPhHN4k6apgJtifcoCtT9bcxOpYBtpD2kCM6Sbzg4CausW/PKQ==

linebreak@^1.1.0:
  version "1.1.0"
  resolved "https://registry.yarnpkg.com/linebreak/-/linebreak-1.1.0.tgz#831cf378d98bced381d8ab118f852bd50d81e46b"
  integrity sha512-MHp03UImeVhB7XZtjd0E4n6+3xr5Dq/9xI/5FptGk5FrbDR3zagPa2DS6U8ks/3HjbKWG9Q1M2ufOzxV2qLYSQ==
  dependencies:
    base64-js "0.0.8"
    unicode-trie "^2.0.0"

loose-envify@^1.1.0:
  version "1.4.0"
  resolved "https://registry.yarnpkg.com/loose-envify/-/loose-envify-1.4.0.tgz#71ee51fa7be4caec1a63839f7e682d8132d30caf"
  integrity sha512-lyuxPGr/Wfhrlem2CL/UcnUc1zcqKAImBDzukY7Y5F/yQiNdko6+fRLevlw1HgMySw7f611UIY408EtxRSoK3Q==
  dependencies:
    js-tokens "^3.0.0 || ^4.0.0"

nanoid@^3.3.4:
  version "3.3.6"
  resolved "https://registry.yarnpkg.com/nanoid/-/nanoid-3.3.6.tgz#443380c856d6e9f9824267d960b4236ad583ea4c"
  integrity sha512-BGcqMMJuToF7i1rt+2PWSNVnWIkGCU78jBG3RxO/bZlnZPK2Cmi2QaffxGO/2RvWi9sL+FAiRiXMgsyxQ1DIDA==

next@13.4.12:
  version "13.4.12"
  resolved "https://registry.yarnpkg.com/next/-/next-13.4.12.tgz#809b21ea0aabbe88ced53252c88c4a5bd5af95df"
  integrity sha512-eHfnru9x6NRmTMcjQp6Nz0J4XH9OubmzOa7CkWL+AUrUxpibub3vWwttjduu9No16dug1kq04hiUUpo7J3m3Xw==
  dependencies:
    "@next/env" "13.4.12"
    "@swc/helpers" "0.5.1"
    busboy "1.6.0"
    caniuse-lite "^1.0.30001406"
    postcss "8.4.14"
    styled-jsx "5.1.1"
    watchpack "2.4.0"
    zod "3.21.4"
  optionalDependencies:
    "@next/swc-darwin-arm64" "13.4.12"
    "@next/swc-darwin-x64" "13.4.12"
    "@next/swc-linux-arm64-gnu" "13.4.12"
    "@next/swc-linux-arm64-musl" "13.4.12"
    "@next/swc-linux-x64-gnu" "13.4.12"
    "@next/swc-linux-x64-musl" "13.4.12"
    "@next/swc-win32-arm64-msvc" "13.4.12"
    "@next/swc-win32-ia32-msvc" "13.4.12"
    "@next/swc-win32-x64-msvc" "13.4.12"

pako@^0.2.5:
  version "0.2.9"
  resolved "https://registry.yarnpkg.com/pako/-/pako-0.2.9.tgz#f3f7522f4ef782348da8161bad9ecfd51bf83a75"
  integrity sha512-NUcwaKxUxWrZLpDG+z/xZaCgQITkA/Dv4V/T6bw7VON6l1Xz/VnrBqrYjZQ12TamKHzITTfOEIYUj48y2KXImA==

parse-css-color@^0.2.1:
  version "0.2.1"
  resolved "https://registry.yarnpkg.com/parse-css-color/-/parse-css-color-0.2.1.tgz#b687a583f2e42e66ffdfce80a570706966e807c9"
  integrity sha512-bwS/GGIFV3b6KS4uwpzCFj4w297Yl3uqnSgIPsoQkx7GMLROXfMnWvxfNkL0oh8HVhZA4hvJoEoEIqonfJ3BWg==
  dependencies:
    color-name "^1.1.4"
    hex-rgb "^4.1.0"

picocolors@^1.0.0:
  version "1.0.0"
  resolved "https://registry.yarnpkg.com/picocolors/-/picocolors-1.0.0.tgz#cb5bdc74ff3f51892236eaf79d68bc44564ab81c"
  integrity sha512-1fygroTLlHu66zi26VoTDv8yRgm0Fccecssto+MhsZ0D/DGW2sm8E8AjW7NU5VVTRt5GxbeZ5qBuJr+HyLYkjQ==

postcss-value-parser@^4.0.2, postcss-value-parser@^4.2.0:
  version "4.2.0"
  resolved "https://registry.yarnpkg.com/postcss-value-parser/-/postcss-value-parser-4.2.0.tgz#723c09920836ba6d3e5af019f92bc0971c02e514"
  integrity sha512-1NNCs6uurfkVbeXG4S8JFT9t19m45ICnif8zWLd5oPSZ50QnwMfK+H3jv408d4jw/7Bttv5axS5IiHoLaVNHeQ==

postcss@8.4.14:
  version "8.4.14"
  resolved "https://registry.yarnpkg.com/postcss/-/postcss-8.4.14.tgz#ee9274d5622b4858c1007a74d76e42e56fd21caf"
  integrity sha512-E398TUmfAYFPBSdzgeieK2Y1+1cpdxJx8yXbK/m57nRhKSmk1GB2tO4lbLBtlkfPQTDKfe4Xqv1ASWPpayPEig==
  dependencies:
    nanoid "^3.3.4"
    picocolors "^1.0.0"
    source-map-js "^1.0.2"

react-dom@18.2.0:
  version "18.2.0"
  resolved "https://registry.yarnpkg.com/react-dom/-/react-dom-18.2.0.tgz#22aaf38708db2674ed9ada224ca4aa708d821e3d"
  integrity sha512-6IMTriUmvsjHUjNtEDudZfuDQUoWXVxKHhlEGSk81n4YFS+r/Kl99wXiwlVXtPBtJenozv2P+hxDsw9eA7Xo6g==
  dependencies:
    loose-envify "^1.1.0"
    scheduler "^0.23.0"

react@18.2.0:
  version "18.2.0"
  resolved "https://registry.yarnpkg.com/react/-/react-18.2.0.tgz#555bd98592883255fa00de14f1151a917b5d77d5"
  integrity sha512-/3IjMdb2L9QbBdWiW5e3P2/npwMBaU9mHCSCUzNln0ZCYbcfTsGbTJrU/kGemdH2IWmB2ioZ+zkxtmq6g09fGQ==
  dependencies:
    loose-envify "^1.1.0"

satori@0.10.2:
  version "0.10.2"
  resolved "https://registry.yarnpkg.com/satori/-/satori-0.10.2.tgz#5a2c1c204aec356cdf93850510de06546b27c052"
  integrity sha512-38povLat5QMuKiKBudM/oIk+a0Z5tEfHh8oD/bsh58L0jlOXxfuhAVpDtlG3M0g5FGLajIV0LaKQftXtaYoSUQ==
  dependencies:
    "@shuding/opentype.js" "1.4.0-beta.0"
    css-background-parser "^0.1.0"
    css-box-shadow "1.0.0-3"
    css-to-react-native "^3.0.0"
    emoji-regex "^10.2.1"
    escape-html "^1.0.3"
    linebreak "^1.1.0"
    parse-css-color "^0.2.1"
    postcss-value-parser "^4.2.0"
    yoga-wasm-web "^0.3.3"

scheduler@^0.23.0:
  version "0.23.0"
  resolved "https://registry.yarnpkg.com/scheduler/-/scheduler-0.23.0.tgz#ba8041afc3d30eb206a487b6b384002e4e61fdfe"
  integrity sha512-CtuThmgHNg7zIZWAXi3AsyIzA3n4xx7aNyjwC2VJldO2LMVDhFK+63xGqq6CsJH4rTAt6/M+N4GhZiDYPx9eUw==
  dependencies:
    loose-envify "^1.1.0"

source-map-js@^1.0.2:
  version "1.0.2"
  resolved "https://registry.yarnpkg.com/source-map-js/-/source-map-js-1.0.2.tgz#adbc361d9c62df380125e7f161f71c826f1e490c"
  integrity sha512-R0XvVJ9WusLiqTCEiGCmICCMplcCkIwwR11mOSD9CR5u+IXYdiseeEuXCVAjS54zqwkLcPNnmU4OeJ6tUrWhDw==

streamsearch@^1.1.0:
  version "1.1.0"
  resolved "https://registry.yarnpkg.com/streamsearch/-/streamsearch-1.1.0.tgz#404dd1e2247ca94af554e841a8ef0eaa238da764"
  integrity sha512-Mcc5wHehp9aXz1ax6bZUyY5afg9u2rv5cqQI3mRrYkGC8rW2hM02jWuwjtL++LS5qinSyhj2QfLyNsuc+VsExg==

string.prototype.codepointat@^0.2.1:
  version "0.2.1"
  resolved "https://registry.yarnpkg.com/string.prototype.codepointat/-/string.prototype.codepointat-0.2.1.tgz#004ad44c8afc727527b108cd462b4d971cd469bc"
  integrity sha512-2cBVCj6I4IOvEnjgO/hWqXjqBGsY+zwPmHl12Srk9IXSZ56Jwwmy+66XO5Iut/oQVR7t5ihYdLB0GMa4alEUcg==

styled-jsx@5.1.1:
  version "5.1.1"
  resolved "https://registry.yarnpkg.com/styled-jsx/-/styled-jsx-5.1.1.tgz#839a1c3aaacc4e735fed0781b8619ea5d0009d1f"
  integrity sha512-pW7uC1l4mBZ8ugbiZrcIsiIvVx1UmTfw7UkC3Um2tmfUq9Bhk8IiyEIPl6F8agHgjzku6j0xQEZbfA5uSgSaCw==
  dependencies:
    client-only "0.0.1"

tiny-inflate@^1.0.0:
  version "1.0.3"
  resolved "https://registry.yarnpkg.com/tiny-inflate/-/tiny-inflate-1.0.3.tgz#122715494913a1805166aaf7c93467933eea26c4"
  integrity sha512-pkY1fj1cKHb2seWDy0B16HeWyczlJA9/WW3u3c4z/NiWDsO3DOU5D7nhTLE9CF0yXv/QZFY7sEJmj24dK+Rrqw==

tslib@^2.4.0:
  version "2.6.1"
  resolved "https://registry.yarnpkg.com/tslib/-/tslib-2.6.1.tgz#fd8c9a0ff42590b25703c0acb3de3d3f4ede0410"
  integrity sha512-t0hLfiEKfMUoqhG+U1oid7Pva4bbDPHYfJNiB7BiIjRkj1pyC++4N3huJfqY6aRH6VTB0rvtzQwjM4K6qpfOig==

unicode-trie@^2.0.0:
  version "2.0.0"
  resolved "https://registry.yarnpkg.com/unicode-trie/-/unicode-trie-2.0.0.tgz#8fd8845696e2e14a8b67d78fa9e0dd2cad62fec8"
  integrity sha512-x7bc76x0bm4prf1VLg79uhAzKw8DVboClSN5VxJuQ+LKDOVEW9CdH+VY7SP+vX7xCYQqzzgQpFqz15zeLvAtZQ==
  dependencies:
    pako "^0.2.5"
    tiny-inflate "^1.0.0"

watchpack@2.4.0:
  version "2.4.0"
  resolved "https://registry.yarnpkg.com/watchpack/-/watchpack-2.4.0.tgz#fa33032374962c78113f93c7f2fb4c54c9862a5d"
  integrity sha512-Lcvm7MGST/4fup+ifyKi2hjyIAwcdI4HRgtvTpIUxBRhB+RFtUh8XtDOxUfctVCnhVi+QQj49i91OyvzkJl6cg==
  dependencies:
    glob-to-regexp "^0.4.1"
    graceful-fs "^4.1.2"

yoga-wasm-web@0.3.3, yoga-wasm-web@^0.3.3:
  version "0.3.3"
  resolved "https://registry.yarnpkg.com/yoga-wasm-web/-/yoga-wasm-web-0.3.3.tgz#eb8e9fcb18e5e651994732f19a220cb885d932ba"
  integrity sha512-N+d4UJSJbt/R3wqY7Coqs5pcV0aUj2j9IaQ3rNj9bVCLld8tTGKRa2USARjnvZJWVx1NDmQev8EknoczaOQDOA==

zod@3.21.4:
  version "3.21.4"
  resolved "https://registry.yarnpkg.com/zod/-/zod-3.21.4.tgz#10882231d992519f0a10b5dd58a38c9dabbb64db"
  integrity sha512-m46AKbrzKVzOzs/DZgVnG5H55N1sv1M8qZU3A8RIKbs3mrACDNeIOeilDymVb2HdmP8uwshOCF4uJ8uM9rCqJw==
